{
  "name": "com.arcadiastech.lafetenationale",
  "version": "1.0.0",
  "lockfileVersion": 2,
  "requires": true,
  "packages": {
    "": {
      "name": "com.arcadiastech.lafetenationale",
      "version": "1.0.0",
      "license": "Apache-2.0",
      "devDependencies": {
        "cordova-plugin-device": "^2.1.0",
        "cordova-plugin-qr-barcode-scanner": "^8.0.3",
        "cordova-plugin-splashscreen": "^6.0.1"
      }
    },
    "node_modules/cordova-plugin-device": {
      "version": "2.1.0",
      "resolved": "https://registry.npmjs.org/cordova-plugin-device/-/cordova-plugin-device-2.1.0.tgz",
      "integrity": "sha512-FU0Lw1jZpuKOgG4v80LrfMAOIMCGfAVPumn7AwaX9S1iU/X3OPZUyoKUgP09q4bxL35IeNPkqNWVKYduAXZ1sg==",
      "dev": true,
      "engines": {
        "cordovaDependencies": {
          "3.0.0": {
            "cordova": ">100",
            "cordova-electron": ">=3.0.0"
          }
        }
      }
    },
    "node_modules/cordova-plugin-qr-barcode-scanner": {
      "version": "8.0.3",
      "resolved": "https://registry.npmjs.org/cordova-plugin-qr-barcode-scanner/-/cordova-plugin-qr-barcode-scanner-8.0.3.tgz",
      "integrity": "sha512-K1AxfEvKr0N3PsVI7+XwkbaxFzAODRkLpvr6lwOBJc26ePgJOfaLfhUnPT+kmccPVyUQ5VIRzzEoPMKuBvbqxQ==",
      "dev": true,
      "engines": {
        "cordovaDependencies": {
          "<7.0.0": {
            "cordova-android": "<6.3.0"
          },
          "7.0.0": {
            "cordova-android": ">=6.3.0"
          },
          "7.1.0": {
            "cordova": ">=7.1.0",
            "cordova-android": ">=6.3.0"
          },
          "8.0.0": {
            "cordova": ">=7.1.0",
            "cordova-android": ">=6.3.0"
          }
        }
      }
    },
    "node_modules/cordova-plugin-splashscreen": {
      "version": "6.0.1",
      "resolved": "https://registry.npmjs.org/cordova-plugin-splashscreen/-/cordova-plugin-splashscreen-6.0.1.tgz",
      "integrity": "sha512-olJPBFRUuzunzeuB76TOBoq3yYlnhpWDk/S7ErR6MdqPz1KuK36omB9u4o//SdgfBbxHz+SsUtyvst68NrU3pA==",
      "dev": true,
      "engines": {
        "cordovaDependencies": {
          ">=4.0.0": {
            "cordova-android": ">=3.6.0",
            "cordova-windows": ">=4.4.0"
          },
          "2.0.0": {
            "cordova-android": ">=3.6.0"
          },
          "7.0.0": {
            "cordova": ">100"
          }
        }
      }
    }
  },
  "dependencies": {
    "cordova-plugin-device": {
      "version": "2.1.0",
      "resolved": "https://registry.npmjs.org/cordova-plugin-device/-/cordova-plugin-device-2.1.0.tgz",
      "integrity": "sha512-FU0Lw1jZpuKOgG4v80LrfMAOIMCGfAVPumn7AwaX9S1iU/X3OPZUyoKUgP09q4bxL35IeNPkqNWVKYduAXZ1sg==",
      "dev": true
    },
    "cordova-plugin-qr-barcode-scanner": {
      "version": "8.0.3",
      "resolved": "https://registry.npmjs.org/cordova-plugin-qr-barcode-scanner/-/cordova-plugin-qr-barcode-scanner-8.0.3.tgz",
      "integrity": "sha512-K1AxfEvKr0N3PsVI7+XwkbaxFzAODRkLpvr6lwOBJc26ePgJOfaLfhUnPT+kmccPVyUQ5VIRzzEoPMKuBvbqxQ==",
      "dev": true
    },
    "cordova-plugin-splashscreen": {
      "version": "6.0.1",
      "resolved": "https://registry.npmjs.org/cordova-plugin-splashscreen/-/cordova-plugin-splashscreen-6.0.1.tgz",
      "integrity": "sha512-olJPBFRUuzunzeuB76TOBoq3yYlnhpWDk/S7ErR6MdqPz1KuK36omB9u4o//SdgfBbxHz+SsUtyvst68NrU3pA==",
      "dev": true
    }
  }
}
